
Microsoft Visual Studio Solution File, Format Version 12.00
# Visual Studio Version 17
VisualStudioVersion = 17.10.34928.147
MinimumVisualStudioVersion = 10.0.40219.1
Project("{FAE04EC0-301F-11D3-BF4B-00C04F79EFBC}") = "ItemSuffixBelowName", "ItemSuffixBelowName\ItemSuffixBelowName.csproj", "{F1112A11-67C2-4615-81D9-C4FEE2F109F9}"
EndProject
Global
	GlobalSection(SolutionConfigurationPlatforms) = preSolution
		Debug|Any CPU = Debug|Any CPU
		Release|Any CPU = Release|Any CPU
	EndGlobalSection
	GlobalSection(ProjectConfigurationPlatforms) = postSolution
		{F1112A11-67C2-4615-81D9-C4FEE2F109F9}.Debug|Any CPU.ActiveCfg = Debug|Any CPU
		{F1112A11-67C2-4615-81D9-C4FEE2F109F9}.Debug|Any CPU.Build.0 = Debug|Any CPU
		{F1112A11-67C2-4615-81D9-C4FEE2F109F9}.Release|Any CPU.ActiveCfg = Release|Any CPU
		{F1112A11-67C2-4615-81D9-C4FEE2F109F9}.Release|Any CPU.Build.0 = Release|Any CPU
	EndGlobalSection
	GlobalSection(SolutionProperties) = preSolution
		HideSolutionNode = FALSE
	EndGlobalSection
	GlobalSection(ExtensibilityGlobals) = postSolution
		SolutionGuid = {E02CA1BA-B512-48BD-BF85-4BF5084DD3FC}
	EndGlobalSection
EndGlobal
