
Microsoft Visual Studio Solution File, Format Version 12.00
# Visual Studio Version 17
VisualStudioVersion = 17.10.34928.147
MinimumVisualStudioVersion = 10.0.40219.1
Project("{9A19103F-16F7-4668-BE54-9A1E7A4F7556}") = "ItemDecoration", "ItemDecoration.csproj", "{C001C283-83AC-4B50-ACFD-9CFFA135CF90}"
EndProject
Global
	GlobalSection(SolutionConfigurationPlatforms) = preSolution
		Debug|Any CPU = Debug|Any CPU
		Release|Any CPU = Release|Any CPU
	EndGlobalSection
	GlobalSection(ProjectConfigurationPlatforms) = postSolution
		{C001C283-83AC-4B50-ACFD-9CFFA135CF90}.Debug|Any CPU.ActiveCfg = Debug|Any CPU
		{C001C283-83AC-4B50-ACFD-9CFFA135CF90}.Debug|Any CPU.Build.0 = Debug|Any CPU
		{C001C283-83AC-4B50-ACFD-9CFFA135CF90}.Release|Any CPU.ActiveCfg = Release|Any CPU
		{C001C283-83AC-4B50-ACFD-9CFFA135CF90}.Release|Any CPU.Build.0 = Release|Any CPU
	EndGlobalSection
	GlobalSection(SolutionProperties) = preSolution
		HideSolutionNode = FALSE
	EndGlobalSection
	GlobalSection(ExtensibilityGlobals) = postSolution
		SolutionGuid = {00207C97-3AC3-4EEA-9E3B-3591ECE8B1E0}
	EndGlobalSection
EndGlobal
